Microsoft Visual Studio Solution File, Format Version 12.00
# Visual Studio Version 17
VisualStudioVersion = 17.5.2.0
MinimumVisualStudioVersion = 10.0.40219.1
Project("{FAE04EC0-301F-11D3-BF4B-00C04F79EFBC}") = "RecipeManager.API", "RecipeManager.API\RecipeManager.API.csproj", "{A972962F-B388-022F-DE99-CAE79A634F21}"
EndProject
Global
	GlobalSection(SolutionConfigurationPlatforms) = preSolution
		Debug|Any CPU = Debug|Any CPU
		Release|Any CPU = Release|Any CPU
	EndGlobalSection
	GlobalSection(ProjectConfigurationPlatforms) = postSolution
		{A972962F-B388-022F-DE99-CAE79A634F21}.Debug|Any CPU.ActiveCfg = Debug|Any CPU
		{A972962F-B388-022F-DE99-CAE79A634F21}.Debug|Any CPU.Build.0 = Debug|Any CPU
		{A972962F-B388-022F-DE99-CAE79A634F21}.Release|Any CPU.ActiveCfg = Release|Any CPU
		{A972962F-B388-022F-DE99-CAE79A634F21}.Release|Any CPU.Build.0 = Release|Any CPU
	EndGlobalSection
	GlobalSection(SolutionProperties) = preSolution
		HideSolutionNode = FALSE
	EndGlobalSection
	GlobalSection(ExtensibilityGlobals) = postSolution
		SolutionGuid = {04EA828C-94C2-4C64-977D-A06F53DEC564}
	EndGlobalSection
EndGlobal
